{
  "name": "porfoliozak",
  "version": "1.0.0",
  "lockfileVersion": 1,
  "requires": true,
  "dependencies": {
    "@popperjs/core": {
      "version": "2.6.0",
      "resolved": "https://registry.npmjs.org/@popperjs/core/-/core-2.6.0.tgz",
      "integrity": "sha512-cPqjjzuFWNK3BSKLm0abspP0sp/IGOli4p5I5fKFAzdS8fvjdOwDCfZqAaIiXd9lPkOWi3SUUfZof3hEb7J/uw=="
    },
    "animate.css": {
      "version": "4.1.1",
      "resolved": "https://registry.npmjs.org/animate.css/-/animate.css-4.1.1.tgz",
      "integrity": "sha512-+mRmCTv6SbCmtYJCN4faJMNFVNN5EuCTTprDTAo7YzIGji2KADmakjVA3+8mVDkZ2Bf09vayB35lSQIex2+QaQ=="
    },
    "bootstrap": {
      "version": "4.5.3",
      "resolved": "https://registry.npmjs.org/bootstrap/-/bootstrap-4.5.3.tgz",
      "integrity": "sha512-o9ppKQioXGqhw8Z7mah6KdTYpNQY//tipnkxppWhPbiSWdD+1raYsnhwEZjkTHYbGee4cVQ0Rx65EhOY/HNLcQ=="
    },
    "counterup": {
      "version": "1.0.2",
      "resolved": "https://registry.npmjs.org/counterup/-/counterup-1.0.2.tgz",
      "integrity": "sha1-B9vh5dMYwXAtv/ir4l6aS4Jp3Hg=",
      "requires": {
        "jquery": ">=1.5",
        "waypoints": ">=2.0"
      }
    },
    "easing": {
      "version": "1.2.1",
      "resolved": "https://registry.npmjs.org/easing/-/easing-1.2.1.tgz",
      "integrity": "sha512-1cM4eo9+zROni70hK7veHvLiywog86oS5xISNuS8Pyrn5PZQxdWutbElvfNjugN/FZoiiZAJFjyVOeUfrWnryg=="
    },
    "font-awesome": {
      "version": "4.7.0",
      "resolved": "https://registry.npmjs.org/font-awesome/-/font-awesome-4.7.0.tgz",
      "integrity": "sha1-j6jPBBGhoxr9B7BtKQK7n8gVoTM="
    },
    "ionicons": {
      "version": "4.6.3",
      "resolved": "https://registry.npmjs.org/ionicons/-/ionicons-4.6.3.tgz",
      "integrity": "sha512-cgP+VIr2cTJpMfFyVHTerq6n2jeoiGboVoe3GlaAo5zoSBDAEXORwUZhv6m+lCyxlsHCS3nqPUE+MKyZU71t8Q=="
    },
    "jquery": {
      "version": "3.5.1",
      "resolved": "https://registry.npmjs.org/jquery/-/jquery-3.5.1.tgz",
      "integrity": "sha512-XwIBPqcMn57FxfT+Go5pzySnm4KWkT1Tv7gjrpT1srtf8Weynl6R273VJ5GjkRb51IzMp5nbaPjJXMWeju2MKg=="
    },
    "jquery-migrate": {
      "version": "3.3.2",
      "resolved": "https://registry.npmjs.org/jquery-migrate/-/jquery-migrate-3.3.2.tgz",
      "integrity": "sha512-L3gYhr7yEtLUSAeqXSicVa0vRD4aGwjw/bWY8YzrO2o/qDY1BaMyP3oB3bZf5Auy3Hu9ynliio0CTyDWCBPVDw=="
    },
    "lightbox": {
      "version": "0.5.0",
      "resolved": "https://registry.npmjs.org/lightbox/-/lightbox-0.5.0.tgz",
      "integrity": "sha1-zM1f+rVHz/jv0kHy3ZzErN8YC5M="
    },
    "ngx-lightbox": {
      "version": "2.2.2",
      "resolved": "https://registry.npmjs.org/ngx-lightbox/-/ngx-lightbox-2.2.2.tgz",
      "integrity": "sha512-H6UYyWEemVh19DPs6afnGK1Bh4368SIt42LB2xKBAr7zNOdIvjmLv/p67KU4nvt+rOkEY1+QiQuNaxRNZRs75Q=="
    },
    "owl.carousel": {
      "version": "2.3.4",
      "resolved": "https://registry.npmjs.org/owl.carousel/-/owl.carousel-2.3.4.tgz",
      "integrity": "sha512-JaDss9+feAvEW8KZppPSpllfposEzQiW+Ytt/Xm5t/3CTJ7YVmkh6RkWixoA2yXk2boIwedYxOvrrppIGzru9A==",
      "requires": {
        "jquery": ">=1.8.3"
      }
    },
    "typed": {
      "version": "0.3.3",
      "resolved": "https://registry.npmjs.org/typed/-/typed-0.3.3.tgz",
      "integrity": "sha1-kwRf0pKU+Q+fGbYSAC0nZsaArhc="
    },
    "waypoints": {
      "version": "4.0.1",
      "resolved": "https://registry.npmjs.org/waypoints/-/waypoints-4.0.1.tgz",
      "integrity": "sha1-CZeaBXOBCylifLpDZqKEoGLsacg="
    }
  }
}
